
Microsoft Visual Studio Solution File, Format Version 12.00
# Visual Studio Version 16
VisualStudioVersion = 16.0.31205.134
MinimumVisualStudioVersion = 10.0.40219.1
Project("{FAE04EC0-301F-11D3-BF4B-00C04F79EFBC}") = "AplicacionProyectoAula2", "AplicacionProyectoAula2.csproj", "{889E87D4-9E62-489C-968F-A110A0D2B619}"
EndProject
Global
	GlobalSection(SolutionConfigurationPlatforms) = preSolution
		Debug|Any CPU = Debug|Any CPU
		Release|Any CPU = Release|Any CPU
	EndGlobalSection
	GlobalSection(ProjectConfigurationPlatforms) = postSolution
		{889E87D4-9E62-489C-968F-A110A0D2B619}.Debug|Any CPU.ActiveCfg = Debug|Any CPU
		{889E87D4-9E62-489C-968F-A110A0D2B619}.Debug|Any CPU.Build.0 = Debug|Any CPU
		{889E87D4-9E62-489C-968F-A110A0D2B619}.Release|Any CPU.ActiveCfg = Release|Any CPU
		{889E87D4-9E62-489C-968F-A110A0D2B619}.Release|Any CPU.Build.0 = Release|Any CPU
	EndGlobalSection
	GlobalSection(SolutionProperties) = preSolution
		HideSolutionNode = FALSE
	EndGlobalSection
	GlobalSection(ExtensibilityGlobals) = postSolution
		SolutionGuid = {D8FC5944-8283-4C4B-A6BE-D84DD080892A}
	EndGlobalSection
EndGlobal
